
Microsoft Visual Studio Solution File, Format Version 12.00
# Visual Studio Version 16
VisualStudioVersion = 16.0.31515.178
MinimumVisualStudioVersion = 10.0.40219.1
Project("{FAE04EC0-301F-11D3-BF4B-00C04F79EFBC}") = "TP_Hoffman-Caero", "TP_Hoffman-Caero.csproj", "{4E554545-E93F-4699-98C1-3E93A652D370}"
EndProject
Global
	GlobalSection(SolutionConfigurationPlatforms) = preSolution
		Debug|Any CPU = Debug|Any CPU
		Release|Any CPU = Release|Any CPU
	EndGlobalSection
	GlobalSection(ProjectConfigurationPlatforms) = postSolution
		{4E554545-E93F-4699-98C1-3E93A652D370}.Debug|Any CPU.ActiveCfg = Debug|Any CPU
		{4E554545-E93F-4699-98C1-3E93A652D370}.Debug|Any CPU.Build.0 = Debug|Any CPU
		{4E554545-E93F-4699-98C1-3E93A652D370}.Release|Any CPU.ActiveCfg = Release|Any CPU
		{4E554545-E93F-4699-98C1-3E93A652D370}.Release|Any CPU.Build.0 = Release|Any CPU
	EndGlobalSection
	GlobalSection(SolutionProperties) = preSolution
		HideSolutionNode = FALSE
	EndGlobalSection
	GlobalSection(ExtensibilityGlobals) = postSolution
		SolutionGuid = {8D2CE97E-8EEC-4388-9855-532736FFD17F}
	EndGlobalSection
EndGlobal
