
Microsoft Visual Studio Solution File, Format Version 12.00
# Visual Studio Version 16
VisualStudioVersion = 16.0.31624.102
MinimumVisualStudioVersion = 10.0.40219.1
Project("{FAE04EC0-301F-11D3-BF4B-00C04F79EFBC}") = "Winform-app", "Winform-app\Winform-app.csproj", "{765C5B1F-6F78-40BC-8B8A-E977B5789642}"
EndProject
Project("{FAE04EC0-301F-11D3-BF4B-00C04F79EFBC}") = "Dominio", "Dominio\Dominio.csproj", "{718F54C3-C1FD-467D-A6AB-CFA3F6D574A5}"
EndProject
Project("{FAE04EC0-301F-11D3-BF4B-00C04F79EFBC}") = "Negocio", "Negocio\Negocio.csproj", "{D5673C0C-8403-4FD6-9DA1-43FDFF2630CF}"
EndProject
Global
	GlobalSection(SolutionConfigurationPlatforms) = preSolution
		Debug|Any CPU = Debug|Any CPU
		Release|Any CPU = Release|Any CPU
	EndGlobalSection
	GlobalSection(ProjectConfigurationPlatforms) = postSolution
		{765C5B1F-6F78-40BC-8B8A-E977B5789642}.Debug|Any CPU.ActiveCfg = Debug|Any CPU
		{765C5B1F-6F78-40BC-8B8A-E977B5789642}.Debug|Any CPU.Build.0 = Debug|Any CPU
		{765C5B1F-6F78-40BC-8B8A-E977B5789642}.Release|Any CPU.ActiveCfg = Release|Any CPU
		{765C5B1F-6F78-40BC-8B8A-E977B5789642}.Release|Any CPU.Build.0 = Release|Any CPU
		{718F54C3-C1FD-467D-A6AB-CFA3F6D574A5}.Debug|Any CPU.ActiveCfg = Debug|Any CPU
		{718F54C3-C1FD-467D-A6AB-CFA3F6D574A5}.Debug|Any CPU.Build.0 = Debug|Any CPU
		{718F54C3-C1FD-467D-A6AB-CFA3F6D574A5}.Release|Any CPU.ActiveCfg = Release|Any CPU
		{718F54C3-C1FD-467D-A6AB-CFA3F6D574A5}.Release|Any CPU.Build.0 = Release|Any CPU
		{D5673C0C-8403-4FD6-9DA1-43FDFF2630CF}.Debug|Any CPU.ActiveCfg = Debug|Any CPU
		{D5673C0C-8403-4FD6-9DA1-43FDFF2630CF}.Debug|Any CPU.Build.0 = Debug|Any CPU
		{D5673C0C-8403-4FD6-9DA1-43FDFF2630CF}.Release|Any CPU.ActiveCfg = Release|Any CPU
		{D5673C0C-8403-4FD6-9DA1-43FDFF2630CF}.Release|Any CPU.Build.0 = Release|Any CPU
	EndGlobalSection
	GlobalSection(SolutionProperties) = preSolution
		HideSolutionNode = FALSE
	EndGlobalSection
	GlobalSection(ExtensibilityGlobals) = postSolution
		SolutionGuid = {A30C7D04-8B6C-49C8-9E3E-65D89BDF1381}
	EndGlobalSection
EndGlobal
